
Microsoft Visual Studio Solution File, Format Version 12.00
# Visual Studio Version 17
VisualStudioVersion = 17.7.34221.43
MinimumVisualStudioVersion = 10.0.40219.1
Project("{FAE04EC0-301F-11D3-BF4B-00C04F79EFBC}") = "vscs2", "vscs2.csproj", "{CFF263BE-C63A-477D-BED4-CB3A76E46AA7}"
EndProject
Global
	GlobalSection(SolutionConfigurationPlatforms) = preSolution
		Debug|Any CPU = Debug|Any CPU
		Release|Any CPU = Release|Any CPU
	EndGlobalSection
	GlobalSection(ProjectConfigurationPlatforms) = postSolution
		{CFF263BE-C63A-477D-BED4-CB3A76E46AA7}.Debug|Any CPU.ActiveCfg = Debug|Any CPU
		{CFF263BE-C63A-477D-BED4-CB3A76E46AA7}.Debug|Any CPU.Build.0 = Debug|Any CPU
		{CFF263BE-C63A-477D-BED4-CB3A76E46AA7}.Release|Any CPU.ActiveCfg = Release|Any CPU
		{CFF263BE-C63A-477D-BED4-CB3A76E46AA7}.Release|Any CPU.Build.0 = Release|Any CPU
	EndGlobalSection
	GlobalSection(SolutionProperties) = preSolution
		HideSolutionNode = FALSE
	EndGlobalSection
	GlobalSection(ExtensibilityGlobals) = postSolution
		SolutionGuid = {B671EF5D-E08F-441D-A0DB-5A54B104F771}
	EndGlobalSection
EndGlobal
